
Microsoft Visual Studio Solution File, Format Version 12.00
# Visual Studio 15
VisualStudioVersion = 15.0.27703.2042
MinimumVisualStudioVersion = 10.0.40219.1
Project("{9A19103F-16F7-4668-BE54-9A1E7A4F7556}") = "EmployeeManagement.WebApi", "EmployeeManagement.WebApi\EmployeeManagement.WebApi.csproj", "{81CF18BE-3E8C-49C2-BB99-C5BABD42C659}"
EndProject
Project("{9A19103F-16F7-4668-BE54-9A1E7A4F7556}") = "EmployeeManagement.BusinessLayer", "EmployeeManagement.BusinessLayer\EmployeeManagement.BusinessLayer.csproj", "{E027F91C-49A7-487D-8CEA-386780DE716E}"
EndProject
Project("{9A19103F-16F7-4668-BE54-9A1E7A4F7556}") = "EmployeeManagement.DataAccessLayer", "EmployeeManagement.DataAccessLayer\EmployeeManagement.DataAccessLayer.csproj", "{5846841F-78EC-40F2-A059-A310BC9A8FEC}"
EndProject
Project("{9A19103F-16F7-4668-BE54-9A1E7A4F7556}") = "EmployeeManagement.Entities", "EmployeeManagement.Entities\EmployeeManagement.Entities.csproj", "{B747E1BE-D259-4C7B-B05F-44EFA323AA87}"
EndProject
Project("{FAE04EC0-301F-11D3-BF4B-00C04F79EFBC}") = "EmployeeManagement.WebApi.Test", "EmployeeManagement.WebApi.Test\EmployeeManagement.WebApi.Test.csproj", "{5311BF60-EC22-4D09-A93E-93F93D921AD6}"
EndProject
Global
	GlobalSection(SolutionConfigurationPlatforms) = preSolution
		Debug|Any CPU = Debug|Any CPU
		Release|Any CPU = Release|Any CPU
	EndGlobalSection
	GlobalSection(ProjectConfigurationPlatforms) = postSolution
		{81CF18BE-3E8C-49C2-BB99-C5BABD42C659}.Debug|Any CPU.ActiveCfg = Debug|Any CPU
		{81CF18BE-3E8C-49C2-BB99-C5BABD42C659}.Debug|Any CPU.Build.0 = Debug|Any CPU
		{81CF18BE-3E8C-49C2-BB99-C5BABD42C659}.Release|Any CPU.ActiveCfg = Release|Any CPU
		{81CF18BE-3E8C-49C2-BB99-C5BABD42C659}.Release|Any CPU.Build.0 = Release|Any CPU
		{E027F91C-49A7-487D-8CEA-386780DE716E}.Debug|Any CPU.ActiveCfg = Debug|Any CPU
		{E027F91C-49A7-487D-8CEA-386780DE716E}.Debug|Any CPU.Build.0 = Debug|Any CPU
		{E027F91C-49A7-487D-8CEA-386780DE716E}.Release|Any CPU.ActiveCfg = Release|Any CPU
		{E027F91C-49A7-487D-8CEA-386780DE716E}.Release|Any CPU.Build.0 = Release|Any CPU
		{5846841F-78EC-40F2-A059-A310BC9A8FEC}.Debug|Any CPU.ActiveCfg = Debug|Any CPU
		{5846841F-78EC-40F2-A059-A310BC9A8FEC}.Debug|Any CPU.Build.0 = Debug|Any CPU
		{5846841F-78EC-40F2-A059-A310BC9A8FEC}.Release|Any CPU.ActiveCfg = Release|Any CPU
		{5846841F-78EC-40F2-A059-A310BC9A8FEC}.Release|Any CPU.Build.0 = Release|Any CPU
		{B747E1BE-D259-4C7B-B05F-44EFA323AA87}.Debug|Any CPU.ActiveCfg = Debug|Any CPU
		{B747E1BE-D259-4C7B-B05F-44EFA323AA87}.Debug|Any CPU.Build.0 = Debug|Any CPU
		{B747E1BE-D259-4C7B-B05F-44EFA323AA87}.Release|Any CPU.ActiveCfg = Release|Any CPU
		{B747E1BE-D259-4C7B-B05F-44EFA323AA87}.Release|Any CPU.Build.0 = Release|Any CPU
		{5311BF60-EC22-4D09-A93E-93F93D921AD6}.Debug|Any CPU.ActiveCfg = Debug|Any CPU
		{5311BF60-EC22-4D09-A93E-93F93D921AD6}.Debug|Any CPU.Build.0 = Debug|Any CPU
		{5311BF60-EC22-4D09-A93E-93F93D921AD6}.Release|Any CPU.ActiveCfg = Release|Any CPU
		{5311BF60-EC22-4D09-A93E-93F93D921AD6}.Release|Any CPU.Build.0 = Release|Any CPU
	EndGlobalSection
	GlobalSection(SolutionProperties) = preSolution
		HideSolutionNode = FALSE
	EndGlobalSection
	GlobalSection(ExtensibilityGlobals) = postSolution
		SolutionGuid = {EC47C3B0-CD81-49A2-9652-4BE078C10DAD}
	EndGlobalSection
EndGlobal
